
Microsoft Visual Studio Solution File, Format Version 12.00
# Visual Studio Version 17
VisualStudioVersion = 17.3.32804.467
MinimumVisualStudioVersion = 10.0.40219.1
Project("{FAE04EC0-301F-11D3-BF4B-00C04F79EFBC}") = "HangfireRedisExample", "HangfireRedisExample\HangfireRedisExample.csproj", "{3686CE4E-9E12-4619-AAB9-390C91306068}"
EndProject
Global
	GlobalSection(SolutionConfigurationPlatforms) = preSolution
		Debug|Any CPU = Debug|Any CPU
		Release|Any CPU = Release|Any CPU
	EndGlobalSection
	GlobalSection(ProjectConfigurationPlatforms) = postSolution
		{3686CE4E-9E12-4619-AAB9-390C91306068}.Debug|Any CPU.ActiveCfg = Debug|Any CPU
		{3686CE4E-9E12-4619-AAB9-390C91306068}.Debug|Any CPU.Build.0 = Debug|Any CPU
		{3686CE4E-9E12-4619-AAB9-390C91306068}.Release|Any CPU.ActiveCfg = Release|Any CPU
		{3686CE4E-9E12-4619-AAB9-390C91306068}.Release|Any CPU.Build.0 = Release|Any CPU
	EndGlobalSection
	GlobalSection(SolutionProperties) = preSolution
		HideSolutionNode = FALSE
	EndGlobalSection
	GlobalSection(ExtensibilityGlobals) = postSolution
		SolutionGuid = {044DC004-F467-449B-B239-6D620E74B871}
	EndGlobalSection
EndGlobal
